
Microsoft Visual Studio Solution File, Format Version 12.00
# Visual Studio Version 17
VisualStudioVersion = 17.9.34728.123
MinimumVisualStudioVersion = 10.0.40219.1
Project("{FAE04EC0-301F-11D3-BF4B-00C04F79EFBC}") = "sqlite", "sqlite\sqlite.csproj", "{2A184CB5-CCF9-4668-8E6C-394C3939A1EC}"
EndProject
Global
	GlobalSection(SolutionConfigurationPlatforms) = preSolution
		Debug|Any CPU = Debug|Any CPU
		Release|Any CPU = Release|Any CPU
	EndGlobalSection
	GlobalSection(ProjectConfigurationPlatforms) = postSolution
		{2A184CB5-CCF9-4668-8E6C-394C3939A1EC}.Debug|Any CPU.ActiveCfg = Debug|Any CPU
		{2A184CB5-CCF9-4668-8E6C-394C3939A1EC}.Debug|Any CPU.Build.0 = Debug|Any CPU
		{2A184CB5-CCF9-4668-8E6C-394C3939A1EC}.Release|Any CPU.ActiveCfg = Release|Any CPU
		{2A184CB5-CCF9-4668-8E6C-394C3939A1EC}.Release|Any CPU.Build.0 = Release|Any CPU
	EndGlobalSection
	GlobalSection(SolutionProperties) = preSolution
		HideSolutionNode = FALSE
	EndGlobalSection
	GlobalSection(ExtensibilityGlobals) = postSolution
		SolutionGuid = {DD558ADC-9BE1-4CC9-8C1F-759E299AD17B}
	EndGlobalSection
EndGlobal
